
Microsoft Visual Studio Solution File, Format Version 12.00
# Visual Studio Version 16
VisualStudioVersion = 16.0.31005.135
MinimumVisualStudioVersion = 10.0.40219.1
Project("{9A19103F-16F7-4668-BE54-9A1E7A4F7556}") = "NamespaceFixer", "NamespaceFixer.csproj", "{35E84F56-BB9B-4A78-B8BE-1B406FD36A0F}"
EndProject
Global
	GlobalSection(SolutionConfigurationPlatforms) = preSolution
		Debug|Any CPU = Debug|Any CPU
		Release|Any CPU = Release|Any CPU
	EndGlobalSection
	GlobalSection(ProjectConfigurationPlatforms) = postSolution
		{35E84F56-BB9B-4A78-B8BE-1B406FD36A0F}.Debug|Any CPU.ActiveCfg = Debug|Any CPU
		{35E84F56-BB9B-4A78-B8BE-1B406FD36A0F}.Debug|Any CPU.Build.0 = Debug|Any CPU
		{35E84F56-BB9B-4A78-B8BE-1B406FD36A0F}.Release|Any CPU.ActiveCfg = Release|Any CPU
		{35E84F56-BB9B-4A78-B8BE-1B406FD36A0F}.Release|Any CPU.Build.0 = Release|Any CPU
	EndGlobalSection
	GlobalSection(SolutionProperties) = preSolution
		HideSolutionNode = FALSE
	EndGlobalSection
	GlobalSection(ExtensibilityGlobals) = postSolution
		SolutionGuid = {92FA95C3-1C06-4020-8AD9-385969666BB2}
	EndGlobalSection
EndGlobal
